<?xml version="1.0" encoding="utf-8"?>
<Project xmlns="http://schemas.microsoft.com/developer/msbuild/2003">
  <ItemGroup>
    <Filter Include="Form Files">
      <UniqueIdentifier>{99349809-55BA-4b9d-BF79-8FDBB0286EB3}</UniqueIdentifier>
      <Extensions>ui</Extensions>
      <ParseFiles>false</ParseFiles>
    </Filter>
    <Filter Include="Form Files">
      <UniqueIdentifier>{99349809-55BA-4b9d-BF79-8FDBB0286EB3}</UniqueIdentifier>
      <Extensions>ui</Extensions>
      <ParseFiles>false</ParseFiles>
    </Filter>
    <Filter Include="Generated Files">
      <UniqueIdentifier>{71ED8ED8-ACB9-4CE9-BBE1-E00B30144E11}</UniqueIdentifier>
      <Extensions>cpp;c;cxx;moc;h;def;odl;idl;res;</Extensions>
    </Filter>
    <Filter Include="Generated Files">
      <UniqueIdentifier>{71ED8ED8-ACB9-4CE9-BBE1-E00B30144E11}</UniqueIdentifier>
      <Extensions>cpp;c;cxx;moc;h;def;odl;idl;res;</Extensions>
    </Filter>
    <Filter Include="Header Files">
      <UniqueIdentifier>{93995380-89BD-4b04-88EB-625FBE52EBFB}</UniqueIdentifier>
      <Extensions>h;hpp;hxx;hm;inl;inc;xsd</Extensions>
    </Filter>
    <Filter Include="Header Files">
      <UniqueIdentifier>{93995380-89BD-4b04-88EB-625FBE52EBFB}</UniqueIdentifier>
      <Extensions>h;hpp;hxx;hm;inl;inc;xsd</Extensions>
    </Filter>
    <Filter Include="Resource Files">
      <UniqueIdentifier>{D9D6E242-F8AF-46E4-B9FD-80ECBC20BA3E}</UniqueIdentifier>
      <Extensions>qrc;*</Extensions>
      <ParseFiles>false</ParseFiles>
    </Filter>
    <Filter Include="Resource Files">
      <UniqueIdentifier>{D9D6E242-F8AF-46E4-B9FD-80ECBC20BA3E}</UniqueIdentifier>
      <Extensions>qrc;*</Extensions>
      <ParseFiles>false</ParseFiles>
    </Filter>
    <Filter Include="Source Files">
      <UniqueIdentifier>{4FC737F1-C7A5-4376-A066-2A32D752A2FF}</UniqueIdentifier>
      <Extensions>cpp;c;cxx;def;odl;idl;hpj;bat;asm;asmx</Extensions>
    </Filter>
    <Filter Include="Source Files">
      <UniqueIdentifier>{4FC737F1-C7A5-4376-A066-2A32D752A2FF}</UniqueIdentifier>
      <Extensions>cpp;c;cxx;def;odl;idl;hpj;bat;asm;asmx</Extensions>
    </Filter>
    <Filter Include="Distribution Files">
      <UniqueIdentifier>{B83CAF91-C7BF-462F-B76C-EA11631F866C}</UniqueIdentifier>
      <Extensions>*</Extensions>
      <ParseFiles>false</ParseFiles>
    </Filter>
    <Filter Include="Distribution Files">
      <UniqueIdentifier>{B83CAF91-C7BF-462F-B76C-EA11631F866C}</UniqueIdentifier>
      <Extensions>*</Extensions>
      <ParseFiles>false</ParseFiles>
    </Filter>
  </ItemGroup>
  <ItemGroup>
    <ClCompile Include="CreateProjectPage.cpp">
      <Filter>Source Files</Filter>
    </ClCompile>
    <ClCompile Include="DiffView.cpp">
      <Filter>Source Files</Filter>
    </ClCompile>
    <ClCompile Include="Filters.cpp">
      <Filter>Source Files</Filter>
    </ClCompile>
    <ClCompile Include="Project.cpp">
      <Filter>Source Files</Filter>
    </ClCompile>
    <ClCompile Include="ProjectHierarchyWindow.cpp">
      <Filter>Source Files</Filter>
    </ClCompile>
    <ClCompile Include="ProjectWizard.cpp">
      <Filter>Source Files</Filter>
    </ClCompile>
    <ClCompile Include="Symbols.cpp">
      <Filter>Source Files</Filter>
    </ClCompile>
    <ClCompile Include="TreeItem.cpp">
      <Filter>Source Files</Filter>
    </ClCompile>
    <ClCompile Include="TreeModel.cpp">
      <Filter>Source Files</Filter>
    </ClCompile>
    <ClCompile Include="averageaccuracies.cpp">
      <Filter>Source Files</Filter>
    </ClCompile>
    <ClCompile Include="commentsview.cpp">
      <Filter>Source Files</Filter>
    </ClCompile>
    <ClCompile Include="crashlog.cpp">
      <Filter>Source Files</Filter>
    </ClCompile>
    <ClCompile Include="diff_match_patch.cpp">
      <Filter>Source Files</Filter>
    </ClCompile>
    <ClCompile Include="eddis.cpp">
      <Filter>Source Files</Filter>
    </ClCompile>
    <ClCompile Include="editdistance.cpp">
      <Filter>Source Files</Filter>
    </ClCompile>
    <ClCompile Include="globalreplacedialog.cpp">
      <Filter>Source Files</Filter>
    </ClCompile>
    <ClCompile Include="globalreplaceinformation.cpp">
      <Filter>Source Files</Filter>
    </ClCompile>
    <ClCompile Include="globalreplacepreview.cpp">
      <Filter>Source Files</Filter>
    </ClCompile>
    <ClCompile Include="globalreplaceworker.cpp">
      <Filter>Source Files</Filter>
    </ClCompile>
    <ClCompile Include="interndiffview.cpp">
      <Filter>Source Files</Filter>
    </ClCompile>
    <ClCompile Include="lg2_common.cpp">
      <Filter>Source Files</Filter>
    </ClCompile>
    <ClCompile Include="loaddataworker.cpp">
      <Filter>Source Files</Filter>
    </ClCompile>
    <ClCompile Include="loadingspinner.cpp">
      <Filter>Source Files</Filter>
    </ClCompile>
    <ClCompile Include="loginpageview.cpp">
      <Filter>Source Files</Filter>
    </ClCompile>
    <ClCompile Include="main.cpp">
      <Filter>Source Files</Filter>
    </ClCompile>
    <ClCompile Include="mainwindow.cpp">
      <Filter>Source Files</Filter>
    </ClCompile>
    <ClCompile Include="markRegion.cpp">
      <Filter>Source Files</Filter>
    </ClCompile>
    <ClCompile Include="meanStdPage.cpp">
      <Filter>Source Files</Filter>
    </ClCompile>
    <ClCompile Include="progressbardialog.cpp">
      <Filter>Source Files</Filter>
    </ClCompile>
    <ClCompile Include="resizeimageview.cpp">
      <Filter>Source Files</Filter>
    </ClCompile>
    <ClCompile Include="shortcutguidedialog.cpp">
      <Filter>Source Files</Filter>
    </ClCompile>
    <ClCompile Include="slpNPatternDict.cpp">
      <Filter>Source Files</Filter>
    </ClCompile>
    <ClCompile Include="textfinder.cpp">
      <Filter>Source Files</Filter>
    </ClCompile>
    <ClCompile Include="trieEditdis.cpp">
      <Filter>Source Files</Filter>
    </ClCompile>
    <ClCompile Include="undoglobalreplace.cpp">
      <Filter>Source Files</Filter>
    </ClCompile>
    <ClCompile Include="verifyset.cpp">
      <Filter>Source Files</Filter>
    </ClCompile>
    <ClCompile Include="worker.cpp">
      <Filter>Source Files</Filter>
    </ClCompile>
    <ClCompile Include="zoom.cpp">
      <Filter>Source Files</Filter>
    </ClCompile>
  </ItemGroup>
  <ItemGroup>
    <QtMoc Include="CreateProjectPage.h">
      <Filter>Header Files</Filter>
    </QtMoc>
    <QtMoc Include="DiffView.h">
      <Filter>Header Files</Filter>
    </QtMoc>
    <ClInclude Include="Filters.h">
      <Filter>Header Files</Filter>
    </ClInclude>
    <ClInclude Include="Project.h">
      <Filter>Header Files</Filter>
    </ClInclude>
    <QtMoc Include="ProjectHierarchyWindow.h">
      <Filter>Header Files</Filter>
    </QtMoc>
    <QtMoc Include="ProjectWizard.h">
      <Filter>Header Files</Filter>
    </QtMoc>
    <QtMoc Include="Symbols.h">
      <Filter>Header Files</Filter>
    </QtMoc>
    <ClInclude Include="TreeItem.h">
      <Filter>Header Files</Filter>
    </ClInclude>
    <QtMoc Include="TreeModel.h">
      <Filter>Header Files</Filter>
    </QtMoc>
    <ClInclude Include="tesseract\apitypes.h">
      <Filter>Header Files</Filter>
    </ClInclude>
    <QtMoc Include="averageaccuracies.h">
      <Filter>Header Files</Filter>
    </QtMoc>
    <ClInclude Include="tesseract\baseapi.h">
      <Filter>Header Files</Filter>
    </ClInclude>
    <ClInclude Include="tesseract\capi.h">
      <Filter>Header Files</Filter>
    </ClInclude>
    <QtMoc Include="commentsview.h">
      <Filter>Header Files</Filter>
    </QtMoc>
    <ClInclude Include="crashlog.h">
      <Filter>Header Files</Filter>
    </ClInclude>
    <ClInclude Include="diff_match_patch.h">
      <Filter>Header Files</Filter>
    </ClInclude>
    <ClInclude Include="eddis.h">
      <Filter>Header Files</Filter>
    </ClInclude>
    <ClInclude Include="editdistance.h">
      <Filter>Header Files</Filter>
    </ClInclude>
    <ClInclude Include="tesseract\genericvector.h">
      <Filter>Header Files</Filter>
    </ClInclude>
    <QtMoc Include="globalreplacedialog.h">
      <Filter>Header Files</Filter>
    </QtMoc>
    <QtMoc Include="globalreplaceinformation.h">
      <Filter>Header Files</Filter>
    </QtMoc>
    <QtMoc Include="globalreplacepreview.h">
      <Filter>Header Files</Filter>
    </QtMoc>
    <QtMoc Include="globalreplaceworker.h">
      <Filter>Header Files</Filter>
    </QtMoc>
    <ClInclude Include="tesseract\helpers.h">
      <Filter>Header Files</Filter>
    </ClInclude>
    <QtMoc Include="interndiffview.h">
      <Filter>Header Files</Filter>
    </QtMoc>
    <ClInclude Include="lg2_common.h">
      <Filter>Header Files</Filter>
    </ClInclude>
    <QtMoc Include="loaddataworker.h">
      <Filter>Header Files</Filter>
    </QtMoc>
    <QtMoc Include="loadingspinner.h">
      <Filter>Header Files</Filter>
    </QtMoc>
    <QtMoc Include="loginpageview.h">
      <Filter>Header Files</Filter>
    </QtMoc>
    <ClInclude Include="tesseract\ltrresultiterator.h">
      <Filter>Header Files</Filter>
    </ClInclude>
    <QtMoc Include="mainwindow.h">
      <Filter>Header Files</Filter>
    </QtMoc>
    <ClInclude Include="markRegion.h">
      <Filter>Header Files</Filter>
    </ClInclude>
    <ClInclude Include="meanStdPage.h">
      <Filter>Header Files</Filter>
    </ClInclude>
    <ClInclude Include="tesseract\ocrclass.h">
      <Filter>Header Files</Filter>
    </ClInclude>
    <ClInclude Include="tesseract\osdetect.h">
      <Filter>Header Files</Filter>
    </ClInclude>
    <ClInclude Include="tesseract\pageiterator.h">
      <Filter>Header Files</Filter>
    </ClInclude>
    <ClInclude Include="tesseract\platform.h">
      <Filter>Header Files</Filter>
    </ClInclude>
    <QtMoc Include="progressbardialog.h">
      <Filter>Header Files</Filter>
    </QtMoc>
    <ClInclude Include="tesseract\publictypes.h">
      <Filter>Header Files</Filter>
    </ClInclude>
    <ClInclude Include="3rdParty\RapidXML\rapidxml.hpp">
      <Filter>Header Files</Filter>
    </ClInclude>
    <ClInclude Include="3rdParty\RapidXML\rapidxml_iterators.hpp">
      <Filter>Header Files</Filter>
    </ClInclude>
    <ClInclude Include="3rdParty\RapidXML\rapidxml_print.hpp">
      <Filter>Header Files</Filter>
    </ClInclude>
    <ClInclude Include="3rdParty\RapidXML\rapidxml_utils.hpp">
      <Filter>Header Files</Filter>
    </ClInclude>
    <ClInclude Include="tesseract\renderer.h">
      <Filter>Header Files</Filter>
    </ClInclude>
    <QtMoc Include="resizeimageview.h">
      <Filter>Header Files</Filter>
    </QtMoc>
    <ClInclude Include="tesseract\resultiterator.h">
      <Filter>Header Files</Filter>
    </ClInclude>
    <ClInclude Include="tesseract\serialis.h">
      <Filter>Header Files</Filter>
    </ClInclude>
    <QtMoc Include="shortcutguidedialog.h">
      <Filter>Header Files</Filter>
    </QtMoc>
    <ClInclude Include="slpNPatternDict.h">
      <Filter>Header Files</Filter>
    </ClInclude>
    <ClInclude Include="tesseract\strngs.h">
      <Filter>Header Files</Filter>
    </ClInclude>
    <QtMoc Include="textfinder.h">
      <Filter>Header Files</Filter>
    </QtMoc>
    <ClInclude Include="tesseract\thresholder.h">
      <Filter>Header Files</Filter>
    </ClInclude>
    <ClInclude Include="trieEditdis.h">
      <Filter>Header Files</Filter>
    </ClInclude>
    <QtMoc Include="undoglobalreplace.h">
      <Filter>Header Files</Filter>
    </QtMoc>
    <ClInclude Include="tesseract\unichar.h">
      <Filter>Header Files</Filter>
    </ClInclude>
    <ClInclude Include="verifyset.h">
      <Filter>Header Files</Filter>
    </ClInclude>
    <ClInclude Include="tesseract\version.h">
      <Filter>Header Files</Filter>
    </ClInclude>
    <QtMoc Include="worker.h">
      <Filter>Header Files</Filter>
    </QtMoc>
    <QtMoc Include="zoom.h">
      <Filter>Header Files</Filter>
    </QtMoc>
  </ItemGroup>
  <ItemGroup>
    <CustomBuild Include="debug\moc_predefs.h.cbt">
      <Filter>Generated Files</Filter>
    </CustomBuild>
    <CustomBuild Include="release\moc_predefs.h.cbt">
      <Filter>Generated Files</Filter>
    </CustomBuild>
  </ItemGroup>
  <ItemGroup>
    <QtUic Include="DiffView.ui">
      <Filter>Form Files</Filter>
    </QtUic>
    <QtUic Include="ProjectHierarchyWindow.ui">
      <Filter>Form Files</Filter>
    </QtUic>
    <QtUic Include="Symbols.ui">
      <Filter>Form Files</Filter>
    </QtUic>
    <QtUic Include="averageaccuracies.ui">
      <Filter>Form Files</Filter>
    </QtUic>
    <QtUic Include="commentsview.ui">
      <Filter>Form Files</Filter>
    </QtUic>
    <QtUic Include="globalreplacedialog.ui">
      <Filter>Form Files</Filter>
    </QtUic>
    <QtUic Include="globalreplaceinformation.ui">
      <Filter>Form Files</Filter>
    </QtUic>
    <QtUic Include="globalreplacepreview.ui">
      <Filter>Form Files</Filter>
    </QtUic>
    <QtUic Include="interndiffview.ui">
      <Filter>Form Files</Filter>
    </QtUic>
    <QtUic Include="loadingspinner.ui">
      <Filter>Form Files</Filter>
    </QtUic>
    <QtUic Include="loginpageview.ui">
      <Filter>Form Files</Filter>
    </QtUic>
    <QtUic Include="mainwindow.ui">
      <Filter>Form Files</Filter>
    </QtUic>
    <QtUic Include="progressbardialog.ui">
      <Filter>Form Files</Filter>
    </QtUic>
    <QtUic Include="resizeimageview.ui">
      <Filter>Form Files</Filter>
    </QtUic>
    <QtUic Include="shortcutguidedialog.ui">
      <Filter>Form Files</Filter>
    </QtUic>
    <QtUic Include="textfinder.ui">
      <Filter>Form Files</Filter>
    </QtUic>
    <QtUic Include="undoglobalreplace.ui">
      <Filter>Form Files</Filter>
    </QtUic>
  </ItemGroup>
  <ItemGroup>
    <None Include="Resources\Old Icons\AllFont.png">
      <Filter>Resource Files</Filter>
    </None>
    <QtRcc Include="AppResources.qrc">
      <Filter>Resource Files</Filter>
    </QtRcc>
    <None Include="PDF-Preview.png">
      <Filter>Resource Files</Filter>
    </None>
    <None Include="Resources\Previous.png">
      <Filter>Resource Files</Filter>
    </None>
    <None Include="Resources\Old Icons\SaveLoadPwords1.png">
      <Filter>Resource Files</Filter>
    </None>
    <None Include="ShortcutGuide.jpg">
      <Filter>Resource Files</Filter>
    </None>
    <None Include="Resources\add.png">
      <Filter>Resource Files</Filter>
    </None>
    <None Include="Resources\align center.png">
      <Filter>Resource Files</Filter>
    </None>
    <None Include="Resources\align para.png">
      <Filter>Resource Files</Filter>
    </None>
    <None Include="Resources\align right.png">
      <Filter>Resource Files</Filter>
    </None>
    <None Include="Resources\all font properties 1.png">
      <Filter>Resource Files</Filter>
    </None>
    <None Include="Resources\all font properties 2.png">
      <Filter>Resource Files</Filter>
    </None>
    <None Include="Resources\allign left.png">
      <Filter>Resource Files</Filter>
    </None>
    <None Include="Resources\bold.png">
      <Filter>Resource Files</Filter>
    </None>
    <None Include="Resources\english to hindi.png">
      <Filter>Resource Files</Filter>
    </None>
    <None Include="Resources\find 1.png">
      <Filter>Resource Files</Filter>
    </None>
    <None Include="Resources\find 2.png">
      <Filter>Resource Files</Filter>
    </None>
    <None Include="Resources\font black.png">
      <Filter>Resource Files</Filter>
    </None>
    <None Include="Resources\font color.png">
      <Filter>Resource Files</Filter>
    </None>
    <None Include="Resources\help.png">
      <Filter>Resource Files</Filter>
    </None>
    <None Include="Resources\highlighter.png">
      <Filter>Resource Files</Filter>
    </None>
    <None Include="Resources\information.png">
      <Filter>Resource Files</Filter>
    </None>
    <None Include="Resources\ittalic.png">
      <Filter>Resource Files</Filter>
    </None>
    <None Include="Resources\load data.png">
      <Filter>Resource Files</Filter>
    </None>
    <None Include="Resources\next page.png">
      <Filter>Resource Files</Filter>
    </None>
    <None Include="Resources\next.png">
      <Filter>Resource Files</Filter>
    </None>
    <None Include="Resources\open file.png">
      <Filter>Resource Files</Filter>
    </None>
    <None Include="Resources\preivious page.png">
      <Filter>Resource Files</Filter>
    </None>
    <None Include="Resources\redo.png">
      <Filter>Resource Files</Filter>
    </None>
    <None Include="Resources\save as.png">
      <Filter>Resource Files</Filter>
    </None>
    <None Include="Resources\save load p words.png">
      <Filter>Resource Files</Filter>
    </None>
    <None Include="Resources\save.png">
      <Filter>Resource Files</Filter>
    </None>
    <None Include="Resources\spell check.png">
      <Filter>Resource Files</Filter>
    </None>
    <None Include="Resources\Old Icons\spellcheck.png">
      <Filter>Resource Files</Filter>
    </None>
    <None Include="spinbar-tp.gif">
      <Filter>Resource Files</Filter>
    </None>
    <None Include="spinbar-white-tp.gif">
      <Filter>Resource Files</Filter>
    </None>
    <None Include="Resources\spl symbol.png">
      <Filter>Resource Files</Filter>
    </None>
    <None Include="Resources\stylesheet-branch-closed.png">
      <Filter>Resource Files</Filter>
    </None>
    <None Include="Resources\stylesheet-branch-open.png">
      <Filter>Resource Files</Filter>
    </None>
    <None Include="Resources\subscpt.png">
      <Filter>Resource Files</Filter>
    </None>
    <None Include="Resources\superscrpt.png">
      <Filter>Resource Files</Filter>
    </None>
    <None Include="Resources\Old Icons\toSlp1.png">
      <Filter>Resource Files</Filter>
    </None>
    <None Include="Resources\tospl.png">
      <Filter>Resource Files</Filter>
    </None>
    <None Include="Resources\underline  2.png">
      <Filter>Resource Files</Filter>
    </None>
    <None Include="Resources\underline 1.png">
      <Filter>Resource Files</Filter>
    </None>
    <None Include="Resources\undo.png">
      <Filter>Resource Files</Filter>
    </None>
    <None Include="Resources\zoom in.png">
      <Filter>Resource Files</Filter>
    </None>
    <None Include="Resources\zoom out.png">
      <Filter>Resource Files</Filter>
    </None>
    <None Include=".\SimpleMail\CMakeLists.txt" />
    <None Include=".\SimpleMail\simplemail-qt5.pc.in" />
  </ItemGroup>
  <ItemGroup>
    <None Include="UserJson.json">
      <Filter>Distribution Files</Filter>
    </None>
  </ItemGroup>
  <ItemGroup>
    <ResourceCompile Include="qpadfinal.rc" />
  </ItemGroup>
</Project>